PODS:
  - desktop_drop (0.0.1):
    - FlutterMacOS
  - file_picker_darwin (1.0.0):
    - Flutter
    - FlutterMacOS
  - FlutterMacOS (1.0.0)
  - pasteboard (0.0.1):
    - FlutterMacOS
  - printing (1.0.0):
    - FlutterMacOS
  - url_launcher_macos (0.0.1):
    - FlutterMacOS

DEPENDENCIES:
  - desktop_drop (from `Flutter/ephemeral/.symlinks/plugins/desktop_drop/macos`)
  - file_picker_darwin (from `Flutter/ephemeral/.symlinks/plugins/file_picker_darwin/darwin`)
  - FlutterMacOS (from `Flutter/ephemeral`)
  - pasteboard (from `Flutter/ephemeral/.symlinks/plugins/pasteboard/macos`)
  - printing (from `Flutter/ephemeral/.symlinks/plugins/printing/macos`)
  - url_launcher_macos (from `Flutter/ephemeral/.symlinks/plugins/url_launcher_macos/macos`)

EXTERNAL SOURCES:
  desktop_drop:
    :path: Flutter/ephemeral/.symlinks/plugins/desktop_drop/macos
  file_picker_darwin:
    :path: Flutter/ephemeral/.symlinks/plugins/file_picker_darwin/darwin
  FlutterMacOS:
    :path: Flutter/ephemeral
  pasteboard:
    :path: Flutter/ephemeral/.symlinks/plugins/pasteboard/macos
  printing:
    :path: Flutter/ephemeral/.symlinks/plugins/printing/macos
  url_launcher_macos:
    :path: Flutter/ephemeral/.symlinks/plugins/url_launcher_macos/macos

SPEC CHECKSUMS:
  desktop_drop: 10a3e6a7fa9dbe350541f2574092fecfa345a07b
  file_picker_darwin: 4c2b9a50ea44cb3b071381ea0cf48591bdd80251
  FlutterMacOS: c232990155153907050900a2e175c7773903ba4e
  pasteboard: b594eaf838d930b276d7a35a44a32b4f489170cb
  printing: 7916ffaaede65713863e621de9a4742d9fa723b9
  url_launcher_macos: f87a979182d112f911de6820aefddaf56ee9fbfd

PODFILE CHECKSUM: 9b9a79bbf9e6e1aa4ba39051989c500b5a2aae14

COCOAPODS: 1.17.0
